
Microsoft Visual Studio Solution File, Format Version 12.00
# Visual Studio Version 17
VisualStudioVersion = 17.13.35919.96 d17.13
MinimumVisualStudioVersion = 10.0.40219.1
Project("{FAE04EC0-301F-11D3-BF4B-00C04F79EFBC}") = "Finance_Manager", "Finance_Manager\Finance_Manager.csproj", "{0329E38A-A699-49C0-9319-255038D1E183}"
EndProject
Global
	GlobalSection(SolutionConfigurationPlatforms) = preSolution
		Debug|Any CPU = Debug|Any CPU
		Release|Any CPU = Release|Any CPU
	EndGlobalSection
	GlobalSection(ProjectConfigurationPlatforms) = postSolution
		{0329E38A-A699-49C0-9319-255038D1E183}.Debug|Any CPU.ActiveCfg = Debug|Any CPU
		{0329E38A-A699-49C0-9319-255038D1E183}.Debug|Any CPU.Build.0 = Debug|Any CPU
		{0329E38A-A699-49C0-9319-255038D1E183}.Release|Any CPU.ActiveCfg = Release|Any CPU
		{0329E38A-A699-49C0-9319-255038D1E183}.Release|Any CPU.Build.0 = Release|Any CPU
	EndGlobalSection
	GlobalSection(SolutionProperties) = preSolution
		HideSolutionNode = FALSE
	EndGlobalSection
	GlobalSection(ExtensibilityGlobals) = postSolution
		SolutionGuid = {8A271349-CF7B-432A-B8EA-AF7B9D744EC3}
	EndGlobalSection
EndGlobal
